{
  "name": "declarative-tests",
  "version": "1.0.0",
  "lockfileVersion": 1,
  "requires": true,
  "dependencies": {
    "@types/node": {
      "version": "8.0.56",
      "resolved": "https://registry.npmjs.org/@types/node/-/node-8.0.56.tgz",
      "integrity": "sha512-JAlQv3hUWbrnruuTiLDf1scd4F/TBT0LgGEe+BBeF3p/Rc3yL6RV57WJN2nK5i+BshEz1sDllwH0Fzbuo7G4QA==",
      "dev": true
    },
    "typescript": {
      "version": "2.6.2",
      "resolved": "https://registry.npmjs.org/typescript/-/typescript-2.6.2.tgz",
      "integrity": "sha1-PFtv1/beCRQmkCfwPAlGdY92c6Q=",
      "dev": true
    }
  }
}
